
Microsoft Visual Studio Solution File, Format Version 12.00
# Visual Studio 15
VisualStudioVersion = 15.0.28307.329
MinimumVisualStudioVersion = 10.0.40219.1
Project("{FAE04EC0-301F-11D3-BF4B-00C04F79EFBC}") = "Fabrikam.AI.Bot", "Fabrikam.AI.Bot\Fabrikam.AI.Bot.csproj", "{7B4F86B7-40C1-4D16-8035-4B63BD5F8265}"
EndProject
Global
	GlobalSection(SolutionConfigurationPlatforms) = preSolution
		Debug|Any CPU = Debug|Any CPU
		Release|Any CPU = Release|Any CPU
	EndGlobalSection
	GlobalSection(ProjectConfigurationPlatforms) = postSolution
		{7B4F86B7-40C1-4D16-8035-4B63BD5F8265}.Debug|Any CPU.ActiveCfg = Debug|Any CPU
		{7B4F86B7-40C1-4D16-8035-4B63BD5F8265}.Debug|Any CPU.Build.0 = Debug|Any CPU
		{7B4F86B7-40C1-4D16-8035-4B63BD5F8265}.Release|Any CPU.ActiveCfg = Release|Any CPU
		{7B4F86B7-40C1-4D16-8035-4B63BD5F8265}.Release|Any CPU.Build.0 = Release|Any CPU
	EndGlobalSection
	GlobalSection(SolutionProperties) = preSolution
		HideSolutionNode = FALSE
	EndGlobalSection
	GlobalSection(ExtensibilityGlobals) = postSolution
		SolutionGuid = {D65D689C-D3A5-40EF-BA61-EAD85EA91B13}
	EndGlobalSection
EndGlobal
